// !$*UTF8*$!
{
	archiveVersion = 1;
	classes = {
	};
	objectVersion = 48;
	objects = {

/* Begin PBXBuildFile section */
		1E79EED370E929214840184F /* Pods_Photravel.framework in Frameworks */ = {isa = PBXBuildFile; fileRef = 63F4385590171C53C3ACE708 /* Pods_Photravel.framework */; };
		6135A7431FD0D3980087CE09 /* PostView.swift in Sources */ = {isa = PBXBuildFile; fileRef = 6135A7421FD0D3980087CE09 /* PostView.swift */; };
		6139940C1FCBE13800073410 /* CircleImage.swift in Sources */ = {isa = PBXBuildFile; fileRef = 6139940B1FCBE13800073410 /* CircleImage.swift */; };
		6139940E1FCBE39600073410 /* FeedViewController.swift in Sources */ = {isa = PBXBuildFile; fileRef = 6139940D1FCBE39600073410 /* FeedViewController.swift */; };
		613994101FCD1AAD00073410 /* Post.swift in Sources */ = {isa = PBXBuildFile; fileRef = 6139940F1FCD1AAD00073410 /* Post.swift */; };
		613994121FCD26F100073410 /* PostTableViewCell.swift in Sources */ = {isa = PBXBuildFile; fileRef = 613994111FCD26F100073410 /* PostTableViewCell.swift */; };
		6143F43E1FC252FC00D272DC /* AppDelegate.swift in Sources */ = {isa = PBXBuildFile; fileRef = 6143F43D1FC252FC00D272DC /* AppDelegate.swift */; };
		6143F4401FC252FC00D272DC /* ViewController.swift in Sources */ = {isa = PBXBuildFile; fileRef = 6143F43F1FC252FC00D272DC /* ViewController.swift */; };
		6143F4431FC252FC00D272DC /* Main.storyboard in Resources */ = {isa = PBXBuildFile; fileRef = 6143F4411FC252FC00D272DC /* Main.storyboard */; };
		6143F4451FC252FC00D272DC /* Assets.xcassets in Resources */ = {isa = PBXBuildFile; fileRef = 6143F4441FC252FC00D272DC /* Assets.xcassets */; };
		6143F4481FC252FC00D272DC /* LaunchScreen.storyboard in Resources */ = {isa = PBXBuildFile; fileRef = 6143F4461FC252FC00D272DC /* LaunchScreen.storyboard */; };
		6143F4501FC254B000D272DC /* GoogleService-Info.plist in Resources */ = {isa = PBXBuildFile; fileRef = 6143F44F1FC254B000D272DC /* GoogleService-Info.plist */; };
		61E978391FC7D9E5009478AA /* UserViewController.swift in Sources */ = {isa = PBXBuildFile; fileRef = 61E978381FC7D9E5009478AA /* UserViewController.swift */; };
/* End PBXBuildFile section */

/* Begin PBXFileReference section */
		6135A7421FD0D3980087CE09 /* PostView.swift */ = {isa = PBXFileReference; lastKnownFileType = sourcecode.swift; path = PostView.swift; sourceTree = "<group>"; };
		6139940B1FCBE13800073410 /* CircleImage.swift */ = {isa = PBXFileReference; lastKnownFileType = sourcecode.swift; path = CircleImage.swift; sourceTree = "<group>"; };
		6139940D1FCBE39600073410 /* FeedViewController.swift */ = {isa = PBXFileReference; lastKnownFileType = sourcecode.swift; path = FeedViewController.swift; sourceTree = "<group>"; };
		6139940F1FCD1AAD00073410 /* Post.swift */ = {isa = PBXFileReference; lastKnownFileType = sourcecode.swift; path = Post.swift; sourceTree = "<group>"; };
		613994111FCD26F100073410 /* PostTableViewCell.swift */ = {isa = PBXFileReference; lastKnownFileType = sourcecode.swift; path = PostTableViewCell.swift; sourceTree = "<group>"; };
		6143F43A1FC252FC00D272DC /* Photravel.app */ = {isa = PBXFileReference; explicitFileType = wrapper.application; includeInIndex = 0; path = Photravel.app; sourceTree = BUILT_PRODUCTS_DIR; };
		6143F43D1FC252FC00D272DC /* AppDelegate.swift */ = {isa = PBXFileReference; lastKnownFileType = sourcecode.swift; path = AppDelegate.swift; sourceTree = "<group>"; };
		6143F43F1FC252FC00D272DC /* ViewController.swift */ = {isa = PBXFileReference; lastKnownFileType = sourcecode.swift; path = ViewController.swift; sourceTree = "<group>"; };
		6143F4421FC252FC00D272DC /* Base */ = {isa = PBXFileReference; lastKnownFileType = file.storyboard; name = Base; path = Base.lproj/Main.storyboard; sourceTree = "<group>"; };
		6143F4441FC252FC00D272DC /* Assets.xcassets */ = {isa = PBXFileReference; lastKnownFileType = folder.assetcatalog; path = Assets.xcassets; sourceTree = "<group>"; };
		6143F4471FC252FC00D272DC /* Base */ = {isa = PBXFileReference; lastKnownFileType = file.storyboard; name = Base; path = Base.lproj/LaunchScreen.storyboard; sourceTree = "<group>"; };
		6143F4491FC252FC00D272DC /* Info.plist */ = {isa = PBXFileReference; lastKnownFileType = text.plist.xml; path = Info.plist; sourceTree = "<group>"; };
		6143F44F1FC254B000D272DC /* GoogleService-Info.plist */ = {isa = PBXFileReference; fileEncoding = 4; lastKnownFileType = text.plist.xml; path = "GoogleService-Info.plist"; sourceTree = "<group>"; };
		61E978381FC7D9E5009478AA /* UserViewController.swift */ = {isa = PBXFileReference; lastKnownFileType = sourcecode.swift; path = UserViewController.swift; sourceTree = "<group>"; };
		63F4385590171C53C3ACE708 /* Pods_Photravel.framework */ = {isa = PBXFileReference; explicitFileType = wrapper.framework; includeInIndex = 0; path = Pods_Photravel.framework; sourceTree = BUILT_PRODUCTS_DIR; };
		E12BB520240B83657FDEBB14 /* Pods-Photravel.debug.xcconfig */ = {isa = PBXFileReference; includeInIndex = 1; lastKnownFileType = text.xcconfig; name = "Pods-Photravel.debug.xcconfig"; path = "Pods/Target Support Files/Pods-Photravel/Pods-Photravel.debug.xcconfig"; sourceTree = "<group>"; };
		FE4C7ABCB727AA855CD87C65 /* Pods-Photravel.release.xcconfig */ = {isa = PBXFileReference; includeInIndex = 1; lastKnownFileType = text.xcconfig; name = "Pods-Photravel.release.xcconfig"; path = "Pods/Target Support Files/Pods-Photravel/Pods-Photravel.release.xcconfig"; sourceTree = "<group>"; };
/* End PBXFileReference section */

/* Begin PBXFrameworksBuildPhase section */
		6143F4371FC252FC00D272DC /* Frameworks */ = {
			isa = PBXFrameworksBuildPhase;
			buildActionMask = 2147483647;
			files = (
				1E79EED370E929214840184F /* Pods_Photravel.framework in Frameworks */,
			);
			runOnlyForDeploymentPostprocessing = 0;
		};
/* End PBXFrameworksBuildPhase section */

/* Begin PBXGroup section */
		43FDA2925D107A0B66F0A636 /* Pods */ = {
			isa = PBXGroup;
			children = (
				E12BB520240B83657FDEBB14 /* Pods-Photravel.debug.xcconfig */,
				FE4C7ABCB727AA855CD87C65 /* Pods-Photravel.release.xcconfig */,
			);
			name = Pods;
			sourceTree = "<group>";
		};
		6139940A1FCBE0EF00073410 /* View */ = {
			isa = PBXGroup;
			children = (
				6135A7421FD0D3980087CE09 /* PostView.swift */,
				6139940B1FCBE13800073410 /* CircleImage.swift */,
				613994111FCD26F100073410 /* PostTableViewCell.swift */,
			);
			path = View;
			sourceTree = "<group>";
		};
		6143F4311FC252FC00D272DC = {
			isa = PBXGroup;
			children = (
				6143F43C1FC252FC00D272DC /* Photravel */,
				6143F43B1FC252FC00D272DC /* Products */,
				43FDA2925D107A0B66F0A636 /* Pods */,
				86DC0F43BD9240B56E61ED77 /* Frameworks */,
			);
			sourceTree = "<group>";
		};
		6143F43B1FC252FC00D272DC /* Products */ = {
			isa = PBXGroup;
			children = (
				6143F43A1FC252FC00D272DC /* Photravel.app */,
			);
			name = Products;
			sourceTree = "<group>";
		};
		6143F43C1FC252FC00D272DC /* Photravel */ = {
			isa = PBXGroup;
			children = (
				615AA1F31FD1093300A37891 /* Model */,
				615AA1F21FD1090500A37891 /* Controller */,
				6139940A1FCBE0EF00073410 /* View */,
				6143F43D1FC252FC00D272DC /* AppDelegate.swift */,
				6143F4411FC252FC00D272DC /* Main.storyboard */,
				6143F4441FC252FC00D272DC /* Assets.xcassets */,
				6143F4461FC252FC00D272DC /* LaunchScreen.storyboard */,
				6143F4491FC252FC00D272DC /* Info.plist */,
				6143F44F1FC254B000D272DC /* GoogleService-Info.plist */,
			);
			path = Photravel;
			sourceTree = "<group>";
		};
		615AA1F21FD1090500A37891 /* Controller */ = {
			isa = PBXGroup;
			children = (
				6139940D1FCBE39600073410 /* FeedViewController.swift */,
				61E978381FC7D9E5009478AA /* UserViewController.swift */,
				6143F43F1FC252FC00D272DC /* ViewController.swift */,
			);
			path = Controller;
			sourceTree = "<group>";
		};
		615AA1F31FD1093300A37891 /* Model */ = {
			isa = PBXGroup;
			children = (
				6139940F1FCD1AAD00073410 /* Post.swift */,
			);
			path = Model;
			sourceTree = "<group>";
		};
		86DC0F43BD9240B56E61ED77 /* Frameworks */ = {
			isa = PBXGroup;
			children = (
				63F4385590171C53C3ACE708 /* Pods_Photravel.framework */,
			);
			name = Frameworks;
			sourceTree = "<group>";
		};
/* End PBXGroup section */

/* Begin PBXNativeTarget section */
		6143F4391FC252FC00D272DC /* Photravel */ = {
			isa = PBXNativeTarget;
			buildConfigurationList = 6143F44C1FC252FC00D272DC /* Build configuration list for PBXNativeTarget "Photravel" */;
			buildPhases = (
				AE2BCB425385FDEBE985E552 /* [CP] Check Pods Manifest.lock */,
				6143F4361FC252FC00D272DC /* Sources */,
				6143F4371FC252FC00D272DC /* Frameworks */,
				6143F4381FC252FC00D272DC /* Resources */,
				7B8953F6F574667473E9C1AC /* [CP] Embed Pods Frameworks */,
				572646A93853B3E6FEC0CCC5 /* [CP] Copy Pods Resources */,
			);
			buildRules = (
			);
			dependencies = (
			);
			name = Photravel;
			productName = Photravel;
			productReference = 6143F43A1FC252FC00D272DC /* Photravel.app */;
			productType = "com.apple.product-type.application";
		};
/* End PBXNativeTarget section */

/* Begin PBXProject section */
		6143F4321FC252FC00D272DC /* Project object */ = {
			isa = PBXProject;
			attributes = {
				LastSwiftUpdateCheck = 0910;
				LastUpgradeCheck = 0910;
				ORGANIZATIONNAME = Aki;
				TargetAttributes = {
					6143F4391FC252FC00D272DC = {
						CreatedOnToolsVersion = 9.1;
						ProvisioningStyle = Automatic;
					};
				};
			};
			buildConfigurationList = 6143F4351FC252FC00D272DC /* Build configuration list for PBXProject "Photravel" */;
			compatibilityVersion = "Xcode 8.0";
			developmentRegion = en;
			hasScannedForEncodings = 0;
			knownRegions = (
				en,
				Base,
			);
			mainGroup = 6143F4311FC252FC00D272DC;
			productRefGroup = 6143F43B1FC252FC00D272DC /* Products */;
			projectDirPath = "";
			projectRoot = "";
			targets = (
				6143F4391FC252FC00D272DC /* Photravel */,
			);
		};
/* End PBXProject section */

/* Begin PBXResourcesBuildPhase section */
		6143F4381FC252FC00D272DC /* Resources */ = {
			isa = PBXResourcesBuildPhase;
			buildActionMask = 2147483647;
			files = (
				6143F4481FC252FC00D272DC /* LaunchScreen.storyboard in Resources */,
				6143F4501FC254B000D272DC /* GoogleService-Info.plist in Resources */,
				6143F4451FC252FC00D272DC /* Assets.xcassets in Resources */,
				6143F4431FC252FC00D272DC /* Main.storyboard in Resources */,
			);
			runOnlyForDeploymentPostprocessing = 0;
		};
/* End PBXResourcesBuildPhase section */

/* Begin PBXShellScriptBuildPhase section */
		572646A93853B3E6FEC0CCC5 /* [CP] Copy Pods Resources */ = {
			isa = PBXShellScriptBuildPhase;
			buildActionMask = 2147483647;
			files = (
			);
			inputPaths = (
			);
			name = "[CP] Copy Pods Resources";
			outputPaths = (
			);
			runOnlyForDeploymentPostprocessing = 0;
			shellPath = /bin/sh;
			shellScript = "\"${SRCROOT}/Pods/Target Support Files/Pods-Photravel/Pods-Photravel-resources.sh\"\n";
			showEnvVarsInLog = 0;
		};
		7B8953F6F574667473E9C1AC /* [CP] Embed Pods Frameworks */ = {
			isa = PBXShellScriptBuildPhase;
			buildActionMask = 2147483647;
			files = (
			);
			inputPaths = (
				"${SRCROOT}/Pods/Target Support Files/Pods-Photravel/Pods-Photravel-frameworks.sh",
				"${BUILT_PRODUCTS_DIR}/GTMSessionFetcher/GTMSessionFetcher.framework",
				"${BUILT_PRODUCTS_DIR}/GoogleToolboxForMac/GoogleToolboxForMac.framework",
				"${BUILT_PRODUCTS_DIR}/SwiftKeychainWrapper/SwiftKeychainWrapper.framework",
				"${BUILT_PRODUCTS_DIR}/leveldb-library/leveldb.framework",
				"${BUILT_PRODUCTS_DIR}/nanopb/nanopb.framework",
			);
			name = "[CP] Embed Pods Frameworks";
			outputPaths = (
				"${TARGET_BUILD_DIR}/${FRAMEWORKS_FOLDER_PATH}/GTMSessionFetcher.framework",
				"${TARGET_BUILD_DIR}/${FRAMEWORKS_FOLDER_PATH}/GoogleToolboxForMac.framework",
				"${TARGET_BUILD_DIR}/${FRAMEWORKS_FOLDER_PATH}/SwiftKeychainWrapper.framework",
				"${TARGET_BUILD_DIR}/${FRAMEWORKS_FOLDER_PATH}/leveldb.framework",
				"${TARGET_BUILD_DIR}/${FRAMEWORKS_FOLDER_PATH}/nanopb.framework",
			);
			runOnlyForDeploymentPostprocessing = 0;
			shellPath = /bin/sh;
			shellScript = "\"${SRCROOT}/Pods/Target Support Files/Pods-Photravel/Pods-Photravel-frameworks.sh\"\n";
			showEnvVarsInLog = 0;
		};
		AE2BCB425385FDEBE985E552 /* [CP] Check Pods Manifest.lock */ = {
			isa = PBXShellScriptBuildPhase;
			buildActionMask = 2147483647;
			files = (
			);
			inputPaths = (
				"${PODS_PODFILE_DIR_PATH}/Podfile.lock",
				"${PODS_ROOT}/Manifest.lock",
			);
			name = "[CP] Check Pods Manifest.lock";
			outputPaths = (
				"$(DERIVED_FILE_DIR)/Pods-Photravel-checkManifestLockResult.txt",
			);
			runOnlyForDeploymentPostprocessing = 0;
			shellPath = /bin/sh;
			shellScript = "diff \"${PODS_PODFILE_DIR_PATH}/Podfile.lock\" \"${PODS_ROOT}/Manifest.lock\" > /dev/null\nif [ $? != 0 ] ; then\n    # print error to STDERR\n    echo \"error: The sandbox is not in sync with the Podfile.lock. Run 'pod install' or update your CocoaPods installation.\" >&2\n    exit 1\nfi\n# This output is used by Xcode 'outputs' to avoid re-running this script phase.\necho \"SUCCESS\" > \"${SCRIPT_OUTPUT_FILE_0}\"\n";
			showEnvVarsInLog = 0;
		};
/* End PBXShellScriptBuildPhase section */

/* Begin PBXSourcesBuildPhase section */
		6143F4361FC252FC00D272DC /* Sources */ = {
			isa = PBXSourcesBuildPhase;
			buildActionMask = 2147483647;
			files = (
				613994121FCD26F100073410 /* PostTableViewCell.swift in Sources */,
				6143F4401FC252FC00D272DC /* ViewController.swift in Sources */,
				6135A7431FD0D3980087CE09 /* PostView.swift in Sources */,
				613994101FCD1AAD00073410 /* Post.swift in Sources */,
				6139940C1FCBE13800073410 /* CircleImage.swift in Sources */,
				6139940E1FCBE39600073410 /* FeedViewController.swift in Sources */,
				61E978391FC7D9E5009478AA /* UserViewController.swift in Sources */,
				6143F43E1FC252FC00D272DC /* AppDelegate.swift in Sources */,
			);
			runOnlyForDeploymentPostprocessing = 0;
		};
/* End PBXSourcesBuildPhase section */

/* Begin PBXVariantGroup section */
		6143F4411FC252FC00D272DC /* Main.storyboard */ = {
			isa = PBXVariantGroup;
			children = (
				6143F4421FC252FC00D272DC /* Base */,
			);
			name = Main.storyboard;
			sourceTree = "<group>";
		};
		6143F4461FC252FC00D272DC /* LaunchScreen.storyboard */ = {
			isa = PBXVariantGroup;
			children = (
				6143F4471FC252FC00D272DC /* Base */,
			);
			name = LaunchScreen.storyboard;
			sourceTree = "<group>";
		};
/* End PBXVariantGroup section */

/* Begin XCBuildConfiguration section */
		6143F44A1FC252FC00D272DC /* Debug */ = {
			isa = XCBuildConfiguration;
			buildSettings = {
				ALWAYS_SEARCH_USER_PATHS = NO;
				CLANG_ANALYZER_NONNULL = YES;
				CLANG_ANALYZER_NUMBER_OBJECT_CONVERSION = YES_AGGRESSIVE;
				CLANG_CXX_LANGUAGE_STANDARD = "gnu++14";
				CLANG_CXX_LIBRARY = "libc++";
				CLANG_ENABLE_MODULES = YES;
				CLANG_ENABLE_OBJC_ARC = YES;
				CLANG_WARN_BLOCK_CAPTURE_AUTORELEASING = YES;
				CLANG_WARN_BOOL_CONVERSION = YES;
				CLANG_WARN_COMMA = YES;
				CLANG_WARN_CONSTANT_CONVERSION = YES;
				CLANG_WARN_DIRECT_OBJC_ISA_USAGE = YES_ERROR;
				CLANG_WARN_DOCUMENTATION_COMMENTS = YES;
				CLANG_WARN_EMPTY_BODY = YES;
				CLANG_WARN_ENUM_CONVERSION = YES;
				CLANG_WARN_INFINITE_RECURSION = YES;
				CLANG_WARN_INT_CONVERSION = YES;
				CLANG_WARN_NON_LITERAL_NULL_CONVERSION = YES;
				CLANG_WARN_OBJC_LITERAL_CONVERSION = YES;
				CLANG_WARN_OBJC_ROOT_CLASS = YES_ERROR;
				CLANG_WARN_RANGE_LOOP_ANALYSIS = YES;
				CLANG_WARN_STRICT_PROTOTYPES = YES;
				CLANG_WARN_SUSPICIOUS_MOVE = YES;
				CLANG_WARN_UNGUARDED_AVAILABILITY = YES_AGGRESSIVE;
				CLANG_WARN_UNREACHABLE_CODE = YES;
				CLANG_WARN__DUPLICATE_METHOD_MATCH = YES;
				CODE_SIGN_IDENTITY = "iPhone Developer";
				COPY_PHASE_STRIP = NO;
				DEBUG_INFORMATION_FORMAT = dwarf;
				ENABLE_STRICT_OBJC_MSGSEND = YES;
				ENABLE_TESTABILITY = YES;
				GCC_C_LANGUAGE_STANDARD = gnu11;
				GCC_DYNAMIC_NO_PIC = NO;
				GCC_NO_COMMON_BLOCKS = YES;
				GCC_OPTIMIZATION_LEVEL = 0;
				GCC_PREPROCESSOR_DEFINITIONS = (
					"DEBUG=1",
					"$(inherited)",
				);
				GCC_WARN_64_TO_32_BIT_CONVERSION = YES;
				GCC_WARN_ABOUT_RETURN_TYPE = YES_ERROR;
				GCC_WARN_UNDECLARED_SELECTOR = YES;
				GCC_WARN_UNINITIALIZED_AUTOS = YES_AGGRESSIVE;
				GCC_WARN_UNUSED_FUNCTION = YES;
				GCC_WARN_UNUSED_VARIABLE = YES;
				IPHONEOS_DEPLOYMENT_TARGET = 11.1;
				MTL_ENABLE_DEBUG_INFO = YES;
				ONLY_ACTIVE_ARCH = YES;
				SDKROOT = iphoneos;
				SWIFT_ACTIVE_COMPILATION_CONDITIONS = DEBUG;
				SWIFT_OPTIMIZATION_LEVEL = "-Onone";
			};
			name = Debug;
		};
		6143F44B1FC252FC00D272DC /* Release */ = {
			isa = XCBuildConfiguration;
			buildSettings = {
				ALWAYS_SEARCH_USER_PATHS = NO;
				CLANG_ANALYZER_NONNULL = YES;
				CLANG_ANALYZER_NUMBER_OBJECT_CONVERSION = YES_AGGRESSIVE;
				CLANG_CXX_LANGUAGE_STANDARD = "gnu++14";
				CLANG_CXX_LIBRARY = "libc++";
				CLANG_ENABLE_MODULES = YES;
				CLANG_ENABLE_OBJC_ARC = YES;
				CLANG_WARN_BLOCK_CAPTURE_AUTORELEASING = YES;
				CLANG_WARN_BOOL_CONVERSION = YES;
				CLANG_WARN_COMMA = YES;
				CLANG_WARN_CONSTANT_CONVERSION = YES;
				CLANG_WARN_DIRECT_OBJC_ISA_USAGE = YES_ERROR;
				CLANG_WARN_DOCUMENTATION_COMMENTS = YES;
				CLANG_WARN_EMPTY_BODY = YES;
				CLANG_WARN_ENUM_CONVERSION = YES;
				CLANG_WARN_INFINITE_RECURSION = YES;
				CLANG_WARN_INT_CONVERSION = YES;
				CLANG_WARN_NON_LITERAL_NULL_CONVERSION = YES;
				CLANG_WARN_OBJC_LITERAL_CONVERSION = YES;
				CLANG_WARN_OBJC_ROOT_CLASS = YES_ERROR;
				CLANG_WARN_RANGE_LOOP_ANALYSIS = YES;
				CLANG_WARN_STRICT_PROTOTYPES = YES;
				CLANG_WARN_SUSPICIOUS_MOVE = YES;
				CLANG_WARN_UNGUARDED_AVAILABILITY = YES_AGGRESSIVE;
				CLANG_WARN_UNREACHABLE_CODE = YES;
				CLANG_WARN__DUPLICATE_METHOD_MATCH = YES;
				CODE_SIGN_IDENTITY = "iPhone Developer";
				COPY_PHASE_STRIP = NO;
				DEBUG_INFORMATION_FORMAT = "dwarf-with-dsym";
				ENABLE_NS_ASSERTIONS = NO;
				ENABLE_STRICT_OBJC_MSGSEND = YES;
				GCC_C_LANGUAGE_STANDARD = gnu11;
				GCC_NO_COMMON_BLOCKS = YES;
				GCC_WARN_64_TO_32_BIT_CONVERSION = YES;
				GCC_WARN_ABOUT_RETURN_TYPE = YES_ERROR;
				GCC_WARN_UNDECLARED_SELECTOR = YES;
				GCC_WARN_UNINITIALIZED_AUTOS = YES_AGGRESSIVE;
				GCC_WARN_UNUSED_FUNCTION = YES;
				GCC_WARN_UNUSED_VARIABLE = YES;
				IPHONEOS_DEPLOYMENT_TARGET = 11.1;
				MTL_ENABLE_DEBUG_INFO = NO;
				SDKROOT = iphoneos;
				SWIFT_OPTIMIZATION_LEVEL = "-Owholemodule";
				VALIDATE_PRODUCT = YES;
			};
			name = Release;
		};
		6143F44D1FC252FC00D272DC /* Debug */ = {
			isa = XCBuildConfiguration;
			baseConfigurationReference = E12BB520240B83657FDEBB14 /* Pods-Photravel.debug.xcconfig */;
			buildSettings = {
				ASSETCATALOG_COMPILER_APPICON_NAME = AppIcon;
				CODE_SIGN_STYLE = Automatic;
				INFOPLIST_FILE = Photravel/Info.plist;
				LD_RUNPATH_SEARCH_PATHS = "$(inherited) @executable_path/Frameworks";
				PRODUCT_BUNDLE_IDENTIFIER = aki.Photravel;
				PRODUCT_NAME = "$(TARGET_NAME)";
				SWIFT_VERSION = 4.0;
				TARGETED_DEVICE_FAMILY = "1,2";
			};
			name = Debug;
		};
		6143F44E1FC252FC00D272DC /* Release */ = {
			isa = XCBuildConfiguration;
			baseConfigurationReference = FE4C7ABCB727AA855CD87C65 /* Pods-Photravel.release.xcconfig */;
			buildSettings = {
				ASSETCATALOG_COMPILER_APPICON_NAME = AppIcon;
				CODE_SIGN_STYLE = Automatic;
				INFOPLIST_FILE = Photravel/Info.plist;
				LD_RUNPATH_SEARCH_PATHS = "$(inherited) @executable_path/Frameworks";
				PRODUCT_BUNDLE_IDENTIFIER = aki.Photravel;
				PRODUCT_NAME = "$(TARGET_NAME)";
				SWIFT_VERSION = 4.0;
				TARGETED_DEVICE_FAMILY = "1,2";
			};
			name = Release;
		};
/* End XCBuildConfiguration section */

/* Begin XCConfigurationList section */
		6143F4351FC252FC00D272DC /* Build configuration list for PBXProject "Photravel" */ = {
			isa = XCConfigurationList;
			buildConfigurations = (
				6143F44A1FC252FC00D272DC /* Debug */,
				6143F44B1FC252FC00D272DC /* Release */,
			);
			defaultConfigurationIsVisible = 0;
			defaultConfigurationName = Release;
		};
		6143F44C1FC252FC00D272DC /* Build configuration list for PBXNativeTarget "Photravel" */ = {
			isa = XCConfigurationList;
			buildConfigurations = (
				6143F44D1FC252FC00D272DC /* Debug */,
				6143F44E1FC252FC00D272DC /* Release */,
			);
			defaultConfigurationIsVisible = 0;
			defaultConfigurationName = Release;
		};
/* End XCConfigurationList section */
	};
	rootObject = 6143F4321FC252FC00D272DC /* Project object */;
}
